
Microsoft Visual Studio Solution File, Format Version 12.00
# Visual Studio Version 16
VisualStudioVersion = 16.0.33328.57
MinimumVisualStudioVersion = 10.0.40219.1
Project("{9A19103F-16F7-4668-BE54-9A1E7A4F7556}") = "BlazorServer", "BlazorServer\BlazorServer.csproj", "{851866D0-7D77-4AC0-B2E9-77E8A833DD71}"
EndProject
Global
	GlobalSection(SolutionConfigurationPlatforms) = preSolution
		Debug|Any CPU = Debug|Any CPU
		Release|Any CPU = Release|Any CPU
	EndGlobalSection
	GlobalSection(ProjectConfigurationPlatforms) = postSolution
		{851866D0-7D77-4AC0-B2E9-77E8A833DD71}.Debug|Any CPU.ActiveCfg = Debug|Any CPU
		{851866D0-7D77-4AC0-B2E9-77E8A833DD71}.Debug|Any CPU.Build.0 = Debug|Any CPU
		{851866D0-7D77-4AC0-B2E9-77E8A833DD71}.Release|Any CPU.ActiveCfg = Release|Any CPU
		{851866D0-7D77-4AC0-B2E9-77E8A833DD71}.Release|Any CPU.Build.0 = Release|Any CPU
	EndGlobalSection
	GlobalSection(SolutionProperties) = preSolution
		HideSolutionNode = FALSE
	EndGlobalSection
	GlobalSection(ExtensibilityGlobals) = postSolution
		SolutionGuid = {325E9C3F-D2CC-4688-94EB-B72342EA8257}
	EndGlobalSection
EndGlobal
